<?xml version="1.0" encoding="utf-8"?>
<Project ToolsVersion="4.0" xmlns="http://schemas.microsoft.com/developer/msbuild/2003">
  <ItemGroup>
    <Filter Include="Source Files">
      <UniqueIdentifier>{4FC737F1-C7A5-4376-A066-2A32D752A2FF}</UniqueIdentifier>
      <Extensions>cpp;c;cc;cxx;def;odl;idl;hpj;bat;asm;asmx</Extensions>
    </Filter>
    <Filter Include="Resource Files">
      <UniqueIdentifier>{67DA6AB6-F800-4c08-8B7A-83BB121AAD01}</UniqueIdentifier>
      <Extensions>rc;ico;cur;bmp;dlg;rc2;rct;bin;rgs;gif;jpg;jpeg;jpe;resx;tiff;tif;png;wav</Extensions>
    </Filter>
    <Filter Include="Source Files\lib">
      <UniqueIdentifier>{96ec0f95-0704-4cbd-bd69-030da2db364c}</UniqueIdentifier>
    </Filter>
    <Filter Include="Source Files\math">
      <UniqueIdentifier>{08e9a71d-7823-4c1b-8f5e-d2946d527878}</UniqueIdentifier>
    </Filter>
  </ItemGroup>
  <ItemGroup>
    <ClCompile Include="source\Camera3.cpp">
      <Filter>Source Files</Filter>
    </ClCompile>
    <ClCompile Include="source\ImageBuffer.cpp">
      <Filter>Source Files</Filter>
    </ClCompile>
    <ClCompile Include="source\Pixel.cpp">
      <Filter>Source Files</Filter>
    </ClCompile>
    <ClCompile Include="source\RayTracer.cpp">
      <Filter>Source Files</Filter>
    </ClCompile>
    <ClCompile Include="source\Scene.cpp">
      <Filter>Source Files</Filter>
    </ClCompile>
    <ClCompile Include="source\SdlApp.cpp">
      <Filter>Source Files</Filter>
    </ClCompile>
    <ClCompile Include="source\Tracer.cpp">
      <Filter>Source Files</Filter>
    </ClCompile>
    <ClCompile Include="source\math\PseudoRandom.cpp">
      <Filter>Source Files\math</Filter>
    </ClCompile>
    <ClCompile Include="source\math\Vec3.cpp">
      <Filter>Source Files\math</Filter>
    </ClCompile>
    <ClCompile Include="source\math\Sphere.cpp">
      <Filter>Source Files\math</Filter>
    </ClCompile>
    <ClCompile Include="source\math\Ray3.cpp">
      <Filter>Source Files\math</Filter>
    </ClCompile>
    <ClCompile Include="source\lib\lodepng.cpp">
      <Filter>Source Files\lib</Filter>
    </ClCompile>
    <ClCompile Include="source\math\Intersection.cpp">
      <Filter>Source Files\math</Filter>
    </ClCompile>
  </ItemGroup>
  <ItemGroup>
    <ClInclude Include="source\math\PseudoRandom.h">
      <Filter>Source Files\math</Filter>
    </ClInclude>
    <ClInclude Include="source\math\Vec3.h">
      <Filter>Source Files\math</Filter>
    </ClInclude>
    <ClInclude Include="source\math\Sphere.h">
      <Filter>Source Files\math</Filter>
    </ClInclude>
    <ClInclude Include="source\math\Ray3.h">
      <Filter>Source Files\math</Filter>
    </ClInclude>
    <ClInclude Include="source\lib\lodepng.h">
      <Filter>Source Files\lib</Filter>
    </ClInclude>
    <ClInclude Include="source\Camera3.h">
      <Filter>Source Files</Filter>
    </ClInclude>
    <ClInclude Include="source\ImageBuffer.h">
      <Filter>Source Files</Filter>
    </ClInclude>
    <ClInclude Include="source\Pixel.h">
      <Filter>Source Files</Filter>
    </ClInclude>
    <ClInclude Include="source\RayTracer.h">
      <Filter>Source Files</Filter>
    </ClInclude>
    <ClInclude Include="source\Scene.h">
      <Filter>Source Files</Filter>
    </ClInclude>
    <ClInclude Include="source\SdlApp.h">
      <Filter>Source Files</Filter>
    </ClInclude>
    <ClInclude Include="source\math\Intersection.h">
      <Filter>Source Files\math</Filter>
    </ClInclude>
  </ItemGroup>
</Project>